
Microsoft Visual Studio Solution File, Format Version 12.00
# Visual Studio Version 17
VisualStudioVersion = 17.5.002.0
MinimumVisualStudioVersion = 10.0.40219.1
Project("{9A19103F-16F7-4668-BE54-9A1E7A4F7556}") = "VenstarTranslator", "VenstarTranslator\VenstarTranslator.csproj", "{0077F4DF-87A0-445E-B681-57C8D7C4EED3}"
EndProject
Global
	GlobalSection(SolutionConfigurationPlatforms) = preSolution
		Debug|Any CPU = Debug|Any CPU
		Release|Any CPU = Release|Any CPU
	EndGlobalSection
	GlobalSection(ProjectConfigurationPlatforms) = postSolution
		{0077F4DF-87A0-445E-B681-57C8D7C4EED3}.Debug|Any CPU.ActiveCfg = Debug|Any CPU
		{0077F4DF-87A0-445E-B681-57C8D7C4EED3}.Debug|Any CPU.Build.0 = Debug|Any CPU
		{0077F4DF-87A0-445E-B681-57C8D7C4EED3}.Release|Any CPU.ActiveCfg = Release|Any CPU
		{0077F4DF-87A0-445E-B681-57C8D7C4EED3}.Release|Any CPU.Build.0 = Release|Any CPU
	EndGlobalSection
	GlobalSection(SolutionProperties) = preSolution
		HideSolutionNode = FALSE
	EndGlobalSection
	GlobalSection(ExtensibilityGlobals) = postSolution
		SolutionGuid = {6B19332F-DFBA-4D39-B4CB-C4C23182C453}
	EndGlobalSection
EndGlobal
